# This file is automatically @generated by Cargo.
# It is not intended for manual editing.
version = 4

[[package]]
name = "skein-lib"
version = "0.0.0"
source = "git+https://git.ekanayaka.io/ai/skein.git#a1b3b5b6d828d74422edcd520d5b56616669cb6f"

[[package]]
name = "temper-agent-domain"
version = "0.0.0"
dependencies = [
 "skein-lib",
 "temper-agent-domain-run",
 "temper-agent-domain-session",
 "temper-agent-domain-tools",
]

[[package]]
name = "temper-agent-domain-run"
version = "0.0.0"
dependencies = [
 "skein-lib",
]

[[package]]
name = "temper-agent-domain-session"
version = "0.0.0"
dependencies = [
 "skein-lib",
 "temper-agent-domain-tools",
]

[[package]]
name = "temper-agent-domain-tools"
version = "0.0.0"
dependencies = [
 "skein-lib",
]

[[package]]
name = "temper-agent-domain-world"
version = "0.0.0"
dependencies = [
 "skein-lib",
 "temper-agent-domain",
 "temper-agent-tools-world",
 "temper-engine-domain",
 "temper-engine-domain-world",
 "temper-engine-forge-world",
 "temper-fake-checkout",
 "temper-fake-forge-domain",
 "temper-fake-llm-domain",
 "temper-worker-checkout-world",
 "temper-worker-domain",
 "temper-worker-domain-agent",
 "temper-world",
]

[[package]]
name = "temper-agent-run-world"
version = "0.0.0"
dependencies = [
 "skein-lib",
 "temper-agent-domain-run",
 "temper-world",
]

[[package]]
name = "temper-agent-session-world"
version = "0.0.0"
dependencies = [
 "skein-lib",
 "temper-agent-domain-session",
 "temper-agent-domain-tools",
 "temper-agent-tools-world",
 "temper-fake-checkout",
 "temper-fake-llm-domain",
 "temper-world",
]

[[package]]
name = "temper-agent-tools-world"
version = "0.0.0"
dependencies = [
 "skein-lib",
 "temper-agent-domain-tools",
 "temper-fake-checkout",
 "temper-world",
]

[[package]]
name = "temper-engine-brief-world"
version = "0.0.0"
dependencies = [
 "skein-lib",
 "temper-engine-domain-brief",
 "temper-world",
]

[[package]]
name = "temper-engine-domain"
version = "0.0.0"
dependencies = [
 "skein-lib",
 "temper-engine-domain-brief",
 "temper-engine-domain-fleet",
 "temper-engine-domain-forge",
 "temper-engine-domain-notes",
 "temper-engine-domain-plan",
 "temper-engine-domain-rules",
 "temper-engine-domain-views",
 "temper-engine-domain-work",
]

[[package]]
name = "temper-engine-domain-brief"
version = "0.0.0"
dependencies = [
 "skein-lib",
]

[[package]]
name = "temper-engine-domain-fleet"
version = "0.0.0"
dependencies = [
 "skein-lib",
]

[[package]]
name = "temper-engine-domain-forge"
version = "0.0.0"
dependencies = [
 "skein-lib",
]

[[package]]
name = "temper-engine-domain-notes"
version = "0.0.0"
dependencies = [
 "skein-lib",
]

[[package]]
name = "temper-engine-domain-plan"
version = "0.0.0"
dependencies = [
 "skein-lib",
]

[[package]]
name = "temper-engine-domain-rules"
version = "0.0.0"
dependencies = [
 "skein-lib",
]

[[package]]
name = "temper-engine-domain-views"
version = "0.0.0"
dependencies = [
 "skein-lib",
]

[[package]]
name = "temper-engine-domain-work"
version = "0.0.0"
dependencies = [
 "skein-lib",
]

[[package]]
name = "temper-engine-domain-world"
version = "0.0.0"
dependencies = [
 "skein-lib",
 "temper-engine-domain",
 "temper-engine-forge-world",
 "temper-fake-forge-domain",
 "temper-world",
]

[[package]]
name = "temper-engine-fleet-world"
version = "0.0.0"
dependencies = [
 "skein-lib",
 "temper-engine-domain-fleet",
 "temper-world",
]

[[package]]
name = "temper-engine-forge-world"
version = "0.0.0"
dependencies = [
 "skein-lib",
 "temper-engine-domain-forge",
 "temper-fake-forge-domain",
 "temper-world",
]

[[package]]
name = "temper-engine-notes-world"
version = "0.0.0"
dependencies = [
 "skein-lib",
 "temper-engine-domain-notes",
 "temper-world",
]

[[package]]
name = "temper-engine-plan-world"
version = "0.0.0"
dependencies = [
 "skein-lib",
 "temper-engine-domain-plan",
 "temper-world",
]

[[package]]
name = "temper-engine-views-world"
version = "0.0.0"
dependencies = [
 "skein-lib",
 "temper-engine-domain-views",
 "temper-world",
]

[[package]]
name = "temper-engine-work-world"
version = "0.0.0"
dependencies = [
 "skein-lib",
 "temper-engine-domain-work",
 "temper-world",
]

[[package]]
name = "temper-fake-checkout"
version = "0.0.0"

[[package]]
name = "temper-fake-forge-domain"
version = "0.0.0"
dependencies = [
 "skein-lib",
]

[[package]]
name = "temper-fake-forge-tests"
version = "0.0.0"
dependencies = [
 "skein-lib",
 "temper-fake-forge-domain",
 "temper-world",
]

[[package]]
name = "temper-fake-llm-domain"
version = "0.0.0"
dependencies = [
 "skein-lib",
]

[[package]]
name = "temper-worker-agent-world"
version = "0.0.0"
dependencies = [
 "skein-lib",
 "temper-worker-domain-agent",
 "temper-world",
]

[[package]]
name = "temper-worker-checkout-world"
version = "0.0.0"
dependencies = [
 "skein-lib",
 "temper-fake-checkout",
 "temper-fake-forge-domain",
 "temper-worker-domain-checkout",
 "temper-world",
]

[[package]]
name = "temper-worker-domain"
version = "0.0.0"
dependencies = [
 "skein-lib",
 "temper-worker-domain-agent",
 "temper-worker-domain-checkout",
 "temper-worker-domain-host",
]

[[package]]
name = "temper-worker-domain-agent"
version = "0.0.0"
dependencies = [
 "skein-lib",
]

[[package]]
name = "temper-worker-domain-checkout"
version = "0.0.0"
dependencies = [
 "skein-lib",
]

[[package]]
name = "temper-worker-domain-host"
version = "0.0.0"
dependencies = [
 "skein-lib",
]

[[package]]
name = "temper-worker-domain-world"
version = "0.0.0"
dependencies = [
 "skein-lib",
 "temper-engine-domain",
 "temper-engine-domain-world",
 "temper-engine-forge-world",
 "temper-fake-checkout",
 "temper-fake-forge-domain",
 "temper-worker-agent-world",
 "temper-worker-checkout-world",
 "temper-worker-domain",
 "temper-world",
]

[[package]]
name = "temper-worker-host-world"
version = "0.0.0"
dependencies = [
 "skein-lib",
 "temper-worker-domain-host",
 "temper-world",
]

[[package]]
name = "temper-world"
version = "0.0.0"
dependencies = [
 "skein-lib",
]
