# This file is automatically @generated by Cargo.
# It is not intended for manual editing.
version = 4

[[package]]
name = "temper-agent-model"
version = "0.0.0"
dependencies = [
 "temper-agent-model-run",
 "temper-agent-model-session",
 "temper-agent-model-tools",
 "temper-lib",
]

[[package]]
name = "temper-agent-model-run"
version = "0.0.0"
dependencies = [
 "temper-lib",
]

[[package]]
name = "temper-agent-model-run-tests"
version = "0.0.0"
dependencies = [
 "temper-agent-model-run",
 "temper-lib",
 "temper-world",
]

[[package]]
name = "temper-agent-model-session"
version = "0.0.0"
dependencies = [
 "temper-agent-model-tools",
 "temper-lib",
]

[[package]]
name = "temper-agent-model-session-tests"
version = "0.0.0"
dependencies = [
 "temper-agent-model-session",
 "temper-agent-model-tools",
 "temper-agent-model-tools-tests",
 "temper-checkout-fake",
 "temper-lib",
 "temper-llm-model",
 "temper-world",
]

[[package]]
name = "temper-agent-model-tests"
version = "0.0.0"
dependencies = [
 "temper-agent-model",
 "temper-agent-model-tools-tests",
 "temper-checkout-fake",
 "temper-engine-model",
 "temper-engine-model-forge-tests",
 "temper-engine-model-tests",
 "temper-forge-model",
 "temper-lib",
 "temper-llm-model",
 "temper-worker-model",
 "temper-worker-model-agent",
 "temper-worker-model-checkout-tests",
 "temper-world",
]

[[package]]
name = "temper-agent-model-tools"
version = "0.0.0"
dependencies = [
 "temper-lib",
]

[[package]]
name = "temper-agent-model-tools-tests"
version = "0.0.0"
dependencies = [
 "temper-agent-model-tools",
 "temper-checkout-fake",
 "temper-lib",
 "temper-world",
]

[[package]]
name = "temper-checkout-fake"
version = "0.0.0"

[[package]]
name = "temper-engine-model"
version = "0.0.0"
dependencies = [
 "temper-engine-model-brief",
 "temper-engine-model-fleet",
 "temper-engine-model-forge",
 "temper-engine-model-notes",
 "temper-engine-model-plan",
 "temper-engine-model-rules",
 "temper-engine-model-views",
 "temper-engine-model-work",
 "temper-lib",
]

[[package]]
name = "temper-engine-model-brief"
version = "0.0.0"
dependencies = [
 "temper-lib",
]

[[package]]
name = "temper-engine-model-brief-tests"
version = "0.0.0"
dependencies = [
 "temper-engine-model-brief",
 "temper-lib",
 "temper-world",
]

[[package]]
name = "temper-engine-model-fleet"
version = "0.0.0"
dependencies = [
 "temper-lib",
]

[[package]]
name = "temper-engine-model-fleet-tests"
version = "0.0.0"
dependencies = [
 "temper-engine-model-fleet",
 "temper-lib",
 "temper-world",
]

[[package]]
name = "temper-engine-model-forge"
version = "0.0.0"
dependencies = [
 "temper-lib",
]

[[package]]
name = "temper-engine-model-forge-tests"
version = "0.0.0"
dependencies = [
 "temper-engine-model-forge",
 "temper-forge-model",
 "temper-lib",
 "temper-world",
]

[[package]]
name = "temper-engine-model-notes"
version = "0.0.0"
dependencies = [
 "temper-lib",
]

[[package]]
name = "temper-engine-model-notes-tests"
version = "0.0.0"
dependencies = [
 "temper-engine-model-notes",
 "temper-lib",
 "temper-world",
]

[[package]]
name = "temper-engine-model-plan"
version = "0.0.0"
dependencies = [
 "temper-lib",
]

[[package]]
name = "temper-engine-model-plan-tests"
version = "0.0.0"
dependencies = [
 "temper-engine-model-plan",
 "temper-lib",
 "temper-world",
]

[[package]]
name = "temper-engine-model-rules"
version = "0.0.0"
dependencies = [
 "temper-lib",
]

[[package]]
name = "temper-engine-model-tests"
version = "0.0.0"
dependencies = [
 "temper-engine-model",
 "temper-engine-model-forge-tests",
 "temper-forge-model",
 "temper-lib",
 "temper-world",
]

[[package]]
name = "temper-engine-model-views"
version = "0.0.0"
dependencies = [
 "temper-lib",
]

[[package]]
name = "temper-engine-model-views-tests"
version = "0.0.0"
dependencies = [
 "temper-engine-model-views",
 "temper-lib",
 "temper-world",
]

[[package]]
name = "temper-engine-model-work"
version = "0.0.0"
dependencies = [
 "temper-lib",
]

[[package]]
name = "temper-engine-model-work-tests"
version = "0.0.0"
dependencies = [
 "temper-engine-model-work",
 "temper-lib",
 "temper-world",
]

[[package]]
name = "temper-forge-model"
version = "0.0.0"
dependencies = [
 "temper-lib",
]

[[package]]
name = "temper-forge-model-tests"
version = "0.0.0"
dependencies = [
 "temper-forge-model",
 "temper-lib",
 "temper-world",
]

[[package]]
name = "temper-lib"
version = "0.0.0"

[[package]]
name = "temper-llm-model"
version = "0.0.0"
dependencies = [
 "temper-lib",
]

[[package]]
name = "temper-worker-model"
version = "0.0.0"
dependencies = [
 "temper-lib",
 "temper-worker-model-agent",
 "temper-worker-model-checkout",
 "temper-worker-model-host",
]

[[package]]
name = "temper-worker-model-agent"
version = "0.0.0"
dependencies = [
 "temper-lib",
]

[[package]]
name = "temper-worker-model-agent-tests"
version = "0.0.0"
dependencies = [
 "temper-lib",
 "temper-worker-model-agent",
 "temper-world",
]

[[package]]
name = "temper-worker-model-checkout"
version = "0.0.0"
dependencies = [
 "temper-lib",
]

[[package]]
name = "temper-worker-model-checkout-tests"
version = "0.0.0"
dependencies = [
 "temper-checkout-fake",
 "temper-forge-model",
 "temper-lib",
 "temper-worker-model-checkout",
 "temper-world",
]

[[package]]
name = "temper-worker-model-host"
version = "0.0.0"
dependencies = [
 "temper-lib",
]

[[package]]
name = "temper-worker-model-host-tests"
version = "0.0.0"
dependencies = [
 "temper-lib",
 "temper-worker-model-host",
 "temper-world",
]

[[package]]
name = "temper-worker-model-tests"
version = "0.0.0"
dependencies = [
 "temper-checkout-fake",
 "temper-engine-model",
 "temper-engine-model-forge-tests",
 "temper-engine-model-tests",
 "temper-forge-model",
 "temper-lib",
 "temper-worker-model",
 "temper-worker-model-agent-tests",
 "temper-worker-model-checkout-tests",
 "temper-world",
]

[[package]]
name = "temper-world"
version = "0.0.0"
dependencies = [
 "temper-lib",
]
