# This file is automatically @generated by Cargo.
# It is not intended for manual editing.
version = 4

[[package]]
name = "skein-lib"
version = "0.0.0"
source = "git+https://git.ekanayaka.io/ai/skein.git#a1b3b5b6d828d74422edcd520d5b56616669cb6f"

[[package]]
name = "temper-agent-domain"
version = "0.0.0"
dependencies = [
 "skein-lib",
 "temper-agent-domain-run",
 "temper-agent-domain-session",
 "temper-agent-domain-tools",
]

[[package]]
name = "temper-agent-domain-fuzzy"
version = "0.0.0"
dependencies = [
 "skein-lib",
 "temper-agent-domain",
 "temper-agent-domain-tests",
 "temper-world",
]

[[package]]
name = "temper-agent-domain-run"
version = "0.0.0"
dependencies = [
 "skein-lib",
]

[[package]]
name = "temper-agent-domain-run-fuzzy"
version = "0.0.0"
dependencies = [
 "skein-lib",
 "temper-agent-domain-run",
 "temper-agent-domain-run-tests",
]

[[package]]
name = "temper-agent-domain-run-tests"
version = "0.0.0"
dependencies = [
 "skein-lib",
 "temper-agent-domain-run",
 "temper-world",
]

[[package]]
name = "temper-agent-domain-session"
version = "0.0.0"
dependencies = [
 "skein-lib",
 "temper-agent-domain-tools",
]

[[package]]
name = "temper-agent-domain-session-fuzzy"
version = "0.0.0"
dependencies = [
 "skein-lib",
 "temper-agent-domain-session",
 "temper-agent-domain-session-tests",
 "temper-agent-domain-tools",
 "temper-llm-domain",
]

[[package]]
name = "temper-agent-domain-session-tests"
version = "0.0.0"
dependencies = [
 "skein-lib",
 "temper-agent-domain-session",
 "temper-agent-domain-tools",
 "temper-agent-domain-tools-tests",
 "temper-checkout-fake",
 "temper-llm-domain",
 "temper-world",
]

[[package]]
name = "temper-agent-domain-tests"
version = "0.0.0"
dependencies = [
 "skein-lib",
 "temper-agent-domain",
 "temper-agent-domain-tools-tests",
 "temper-checkout-fake",
 "temper-engine-domain",
 "temper-engine-domain-forge-tests",
 "temper-engine-domain-tests",
 "temper-forge-domain",
 "temper-llm-domain",
 "temper-worker-domain",
 "temper-worker-domain-agent",
 "temper-worker-domain-checkout-tests",
 "temper-world",
]

[[package]]
name = "temper-agent-domain-tools"
version = "0.0.0"
dependencies = [
 "skein-lib",
]

[[package]]
name = "temper-agent-domain-tools-fuzzy"
version = "0.0.0"
dependencies = [
 "skein-lib",
 "temper-agent-domain-tools",
 "temper-agent-domain-tools-tests",
 "temper-world",
]

[[package]]
name = "temper-agent-domain-tools-tests"
version = "0.0.0"
dependencies = [
 "skein-lib",
 "temper-agent-domain-tools",
 "temper-checkout-fake",
 "temper-world",
]

[[package]]
name = "temper-checkout-fake"
version = "0.0.0"

[[package]]
name = "temper-engine-domain"
version = "0.0.0"
dependencies = [
 "skein-lib",
 "temper-engine-domain-brief",
 "temper-engine-domain-fleet",
 "temper-engine-domain-forge",
 "temper-engine-domain-notes",
 "temper-engine-domain-plan",
 "temper-engine-domain-rules",
 "temper-engine-domain-views",
 "temper-engine-domain-work",
]

[[package]]
name = "temper-engine-domain-brief"
version = "0.0.0"
dependencies = [
 "skein-lib",
]

[[package]]
name = "temper-engine-domain-brief-fuzzy"
version = "0.0.0"
dependencies = [
 "temper-engine-domain-brief",
 "temper-engine-domain-brief-tests",
 "temper-world",
]

[[package]]
name = "temper-engine-domain-brief-tests"
version = "0.0.0"
dependencies = [
 "skein-lib",
 "temper-engine-domain-brief",
 "temper-world",
]

[[package]]
name = "temper-engine-domain-fleet"
version = "0.0.0"
dependencies = [
 "skein-lib",
]

[[package]]
name = "temper-engine-domain-fleet-fuzzy"
version = "0.0.0"
dependencies = [
 "skein-lib",
 "temper-engine-domain-fleet",
 "temper-engine-domain-fleet-tests",
 "temper-world",
]

[[package]]
name = "temper-engine-domain-fleet-tests"
version = "0.0.0"
dependencies = [
 "skein-lib",
 "temper-engine-domain-fleet",
 "temper-world",
]

[[package]]
name = "temper-engine-domain-forge"
version = "0.0.0"
dependencies = [
 "skein-lib",
]

[[package]]
name = "temper-engine-domain-forge-fuzzy"
version = "0.0.0"
dependencies = [
 "skein-lib",
 "temper-engine-domain-forge",
 "temper-engine-domain-forge-tests",
 "temper-forge-domain",
 "temper-world",
]

[[package]]
name = "temper-engine-domain-forge-tests"
version = "0.0.0"
dependencies = [
 "skein-lib",
 "temper-engine-domain-forge",
 "temper-forge-domain",
 "temper-world",
]

[[package]]
name = "temper-engine-domain-fuzzy"
version = "0.0.0"
dependencies = [
 "temper-engine-domain-tests",
]

[[package]]
name = "temper-engine-domain-notes"
version = "0.0.0"
dependencies = [
 "skein-lib",
]

[[package]]
name = "temper-engine-domain-notes-fuzzy"
version = "0.0.0"
dependencies = [
 "temper-engine-domain-notes",
 "temper-engine-domain-notes-tests",
 "temper-world",
]

[[package]]
name = "temper-engine-domain-notes-tests"
version = "0.0.0"
dependencies = [
 "skein-lib",
 "temper-engine-domain-notes",
 "temper-world",
]

[[package]]
name = "temper-engine-domain-plan"
version = "0.0.0"
dependencies = [
 "skein-lib",
]

[[package]]
name = "temper-engine-domain-plan-fuzzy"
version = "0.0.0"
dependencies = [
 "temper-engine-domain-plan-tests",
 "temper-world",
]

[[package]]
name = "temper-engine-domain-plan-tests"
version = "0.0.0"
dependencies = [
 "skein-lib",
 "temper-engine-domain-plan",
 "temper-world",
]

[[package]]
name = "temper-engine-domain-rules"
version = "0.0.0"
dependencies = [
 "skein-lib",
]

[[package]]
name = "temper-engine-domain-tests"
version = "0.0.0"
dependencies = [
 "skein-lib",
 "temper-engine-domain",
 "temper-engine-domain-forge-tests",
 "temper-forge-domain",
 "temper-world",
]

[[package]]
name = "temper-engine-domain-views"
version = "0.0.0"
dependencies = [
 "skein-lib",
]

[[package]]
name = "temper-engine-domain-views-fuzzy"
version = "0.0.0"
dependencies = [
 "skein-lib",
 "temper-engine-domain-views",
 "temper-engine-domain-views-tests",
 "temper-world",
]

[[package]]
name = "temper-engine-domain-views-tests"
version = "0.0.0"
dependencies = [
 "skein-lib",
 "temper-engine-domain-views",
 "temper-world",
]

[[package]]
name = "temper-engine-domain-work"
version = "0.0.0"
dependencies = [
 "skein-lib",
]

[[package]]
name = "temper-engine-domain-work-fuzzy"
version = "0.0.0"
dependencies = [
 "temper-engine-domain-work",
 "temper-engine-domain-work-tests",
 "temper-world",
]

[[package]]
name = "temper-engine-domain-work-tests"
version = "0.0.0"
dependencies = [
 "skein-lib",
 "temper-engine-domain-work",
 "temper-world",
]

[[package]]
name = "temper-forge-domain"
version = "0.0.0"
dependencies = [
 "skein-lib",
]

[[package]]
name = "temper-forge-domain-tests"
version = "0.0.0"
dependencies = [
 "skein-lib",
 "temper-forge-domain",
 "temper-world",
]

[[package]]
name = "temper-lib"
version = "0.0.0"

[[package]]
name = "temper-lib-fuzzy"
version = "0.0.0"
dependencies = [
 "temper-lib",
]

[[package]]
name = "temper-llm-domain"
version = "0.0.0"
dependencies = [
 "skein-lib",
]

[[package]]
name = "temper-worker-domain"
version = "0.0.0"
dependencies = [
 "skein-lib",
 "temper-worker-domain-agent",
 "temper-worker-domain-checkout",
 "temper-worker-domain-host",
]

[[package]]
name = "temper-worker-domain-agent"
version = "0.0.0"
dependencies = [
 "skein-lib",
]

[[package]]
name = "temper-worker-domain-agent-fuzzy"
version = "0.0.0"
dependencies = [
 "temper-worker-domain-agent",
 "temper-worker-domain-agent-tests",
]

[[package]]
name = "temper-worker-domain-agent-tests"
version = "0.0.0"
dependencies = [
 "skein-lib",
 "temper-worker-domain-agent",
 "temper-world",
]

[[package]]
name = "temper-worker-domain-checkout"
version = "0.0.0"
dependencies = [
 "skein-lib",
]

[[package]]
name = "temper-worker-domain-checkout-fuzzy"
version = "0.0.0"
dependencies = [
 "skein-lib",
 "temper-worker-domain-checkout",
 "temper-worker-domain-checkout-tests",
]

[[package]]
name = "temper-worker-domain-checkout-tests"
version = "0.0.0"
dependencies = [
 "skein-lib",
 "temper-checkout-fake",
 "temper-forge-domain",
 "temper-worker-domain-checkout",
 "temper-world",
]

[[package]]
name = "temper-worker-domain-fuzzy"
version = "0.0.0"
dependencies = [
 "temper-worker-domain-tests",
]

[[package]]
name = "temper-worker-domain-host"
version = "0.0.0"
dependencies = [
 "skein-lib",
]

[[package]]
name = "temper-worker-domain-host-fuzzy"
version = "0.0.0"
dependencies = [
 "skein-lib",
 "temper-worker-domain-host",
 "temper-worker-domain-host-tests",
]

[[package]]
name = "temper-worker-domain-host-tests"
version = "0.0.0"
dependencies = [
 "skein-lib",
 "temper-worker-domain-host",
 "temper-world",
]

[[package]]
name = "temper-worker-domain-tests"
version = "0.0.0"
dependencies = [
 "skein-lib",
 "temper-checkout-fake",
 "temper-engine-domain",
 "temper-engine-domain-forge-tests",
 "temper-engine-domain-tests",
 "temper-forge-domain",
 "temper-worker-domain",
 "temper-worker-domain-agent-tests",
 "temper-worker-domain-checkout-tests",
 "temper-world",
]

[[package]]
name = "temper-world"
version = "0.0.0"
dependencies = [
 "skein-lib",
]
